// !$*UTF8*$!
{
	archiveVersion = 1;
	classes = {
	};
	objectVersion = 50;
	objects = {

/* Begin PBXBuildFile section */
		0A3CF383209690F40064602C /* main.cpp in Sources */ = {isa = PBXBuildFile; fileRef = 0A3CF382209690F40064602C /* main.cpp */; };
		0A3CF38B209694370064602C /* Core.cpp in Sources */ = {isa = PBXBuildFile; fileRef = 0A3CF389209694370064602C /* Core.cpp */; };
		0A3CF38E209694430064602C /* Card.cpp in Sources */ = {isa = PBXBuildFile; fileRef = 0A3CF38C209694430064602C /* Card.cpp */; };
		0A3CF3912096985C0064602C /* Player.cpp in Sources */ = {isa = PBXBuildFile; fileRef = 0A3CF38F2096985C0064602C /* Player.cpp */; };
		0A8C51EA209FA61B00C67B19 /* Core.cpp in Sources */ = {isa = PBXBuildFile; fileRef = 0A3CF389209694370064602C /* Core.cpp */; };
		0A8C51EB209FA61B00C67B19 /* Card.cpp in Sources */ = {isa = PBXBuildFile; fileRef = 0A3CF38C209694430064602C /* Card.cpp */; };
		0A8C51EC209FA61B00C67B19 /* Player.cpp in Sources */ = {isa = PBXBuildFile; fileRef = 0A3CF38F2096985C0064602C /* Player.cpp */; };
		0A8C51F4209FD89300C67B19 /* utility.cpp in Sources */ = {isa = PBXBuildFile; fileRef = 0A8C51F2209FD89300C67B19 /* utility.cpp */; };
		0A8C51F5209FD89300C67B19 /* utility.cpp in Sources */ = {isa = PBXBuildFile; fileRef = 0A8C51F2209FD89300C67B19 /* utility.cpp */; };
		0A8C51F820A39F4E00C67B19 /* Controller.cpp in Sources */ = {isa = PBXBuildFile; fileRef = 0A8C51F620A39F4E00C67B19 /* Controller.cpp */; };
		0A8C51F920A39F4E00C67B19 /* Controller.cpp in Sources */ = {isa = PBXBuildFile; fileRef = 0A8C51F620A39F4E00C67B19 /* Controller.cpp */; };
		0A8C51FC20A3A27D00C67B19 /* Action.cpp in Sources */ = {isa = PBXBuildFile; fileRef = 0A8C51FA20A3A27D00C67B19 /* Action.cpp */; };
		0A8C51FD20A3A27D00C67B19 /* Action.cpp in Sources */ = {isa = PBXBuildFile; fileRef = 0A8C51FA20A3A27D00C67B19 /* Action.cpp */; };
		0A8C520020A3CD1A00C67B19 /* ConsoleInterface.cpp in Sources */ = {isa = PBXBuildFile; fileRef = 0A8C51FE20A3CD1A00C67B19 /* ConsoleInterface.cpp */; };
		0A8C520120A3CD1A00C67B19 /* ConsoleInterface.cpp in Sources */ = {isa = PBXBuildFile; fileRef = 0A8C51FE20A3CD1A00C67B19 /* ConsoleInterface.cpp */; };
		0A8C520420A4D4E300C67B19 /* Status.cpp in Sources */ = {isa = PBXBuildFile; fileRef = 0A8C520220A4D4E300C67B19 /* Status.cpp */; };
		0A8C520520A4D4E300C67B19 /* Status.cpp in Sources */ = {isa = PBXBuildFile; fileRef = 0A8C520220A4D4E300C67B19 /* Status.cpp */; };
		0A9A2E71217BDED7006D0589 /* CardFactory.cpp in Sources */ = {isa = PBXBuildFile; fileRef = 0A8C51EE209FB09400C67B19 /* CardFactory.cpp */; };
		0A9A2E72217BDEDA006D0589 /* CardFactory.cpp in Sources */ = {isa = PBXBuildFile; fileRef = 0A8C51EE209FB09400C67B19 /* CardFactory.cpp */; };
		0A9A2E73217BDF2A006D0589 /* main.cpp in Sources */ = {isa = PBXBuildFile; fileRef = 0A8C51E5209F9D3800C67B19 /* main.cpp */; };
/* End PBXBuildFile section */

/* Begin PBXCopyFilesBuildPhase section */
		0A3CF37D209690F40064602C /* CopyFiles */ = {
			isa = PBXCopyFilesBuildPhase;
			buildActionMask = 2147483647;
			dstPath = /usr/share/man/man1/;
			dstSubfolderSpec = 0;
			files = (
			);
			runOnlyForDeploymentPostprocessing = 1;
		};
		0A8C51E1209F9D3800C67B19 /* CopyFiles */ = {
			isa = PBXCopyFilesBuildPhase;
			buildActionMask = 2147483647;
			dstPath = /usr/share/man/man1/;
			dstSubfolderSpec = 0;
			files = (
			);
			runOnlyForDeploymentPostprocessing = 1;
		};
/* End PBXCopyFilesBuildPhase section */

/* Begin PBXFileReference section */
		0A3CF37F209690F40064602C /* Core-beta */ = {isa = PBXFileReference; explicitFileType = "compiled.mach-o.executable"; includeInIndex = 0; path = "Core-beta"; sourceTree = BUILT_PRODUCTS_DIR; };
		0A3CF382209690F40064602C /* main.cpp */ = {isa = PBXFileReference; lastKnownFileType = sourcecode.cpp.cpp; path = main.cpp; sourceTree = "<group>"; };
		0A3CF389209694370064602C /* Core.cpp */ = {isa = PBXFileReference; lastKnownFileType = sourcecode.cpp.cpp; path = Core.cpp; sourceTree = "<group>"; };
		0A3CF38A209694370064602C /* Core.hpp */ = {isa = PBXFileReference; lastKnownFileType = sourcecode.cpp.h; path = Core.hpp; sourceTree = "<group>"; };
		0A3CF38C209694430064602C /* Card.cpp */ = {isa = PBXFileReference; lastKnownFileType = sourcecode.cpp.cpp; path = Card.cpp; sourceTree = "<group>"; };
		0A3CF38D209694430064602C /* Card.hpp */ = {isa = PBXFileReference; lastKnownFileType = sourcecode.cpp.h; path = Card.hpp; sourceTree = "<group>"; };
		0A3CF38F2096985C0064602C /* Player.cpp */ = {isa = PBXFileReference; lastKnownFileType = sourcecode.cpp.cpp; path = Player.cpp; sourceTree = "<group>"; };
		0A3CF3902096985C0064602C /* Player.hpp */ = {isa = PBXFileReference; lastKnownFileType = sourcecode.cpp.h; path = Player.hpp; sourceTree = "<group>"; };
		0A8C51E3209F9D3800C67B19 /* Core-beta-test */ = {isa = PBXFileReference; explicitFileType = "compiled.mach-o.executable"; includeInIndex = 0; path = "Core-beta-test"; sourceTree = BUILT_PRODUCTS_DIR; };
		0A8C51E5209F9D3800C67B19 /* main.cpp */ = {isa = PBXFileReference; lastKnownFileType = sourcecode.cpp.cpp; path = main.cpp; sourceTree = "<group>"; };
		0A8C51ED209FA6EC00C67B19 /* Stringable.hpp */ = {isa = PBXFileReference; lastKnownFileType = sourcecode.cpp.h; path = Stringable.hpp; sourceTree = "<group>"; };
		0A8C51EE209FB09400C67B19 /* CardFactory.cpp */ = {isa = PBXFileReference; lastKnownFileType = sourcecode.cpp.cpp; path = CardFactory.cpp; sourceTree = "<group>"; };
		0A8C51EF209FB09400C67B19 /* CardFactory.hpp */ = {isa = PBXFileReference; lastKnownFileType = sourcecode.cpp.h; path = CardFactory.hpp; sourceTree = "<group>"; };
		0A8C51F2209FD89300C67B19 /* utility.cpp */ = {isa = PBXFileReference; lastKnownFileType = sourcecode.cpp.cpp; path = utility.cpp; sourceTree = "<group>"; };
		0A8C51F3209FD89300C67B19 /* utility.hpp */ = {isa = PBXFileReference; lastKnownFileType = sourcecode.cpp.h; path = utility.hpp; sourceTree = "<group>"; };
		0A8C51F620A39F4E00C67B19 /* Controller.cpp */ = {isa = PBXFileReference; lastKnownFileType = sourcecode.cpp.cpp; path = Controller.cpp; sourceTree = "<group>"; };
		0A8C51F720A39F4E00C67B19 /* Controller.hpp */ = {isa = PBXFileReference; lastKnownFileType = sourcecode.cpp.h; path = Controller.hpp; sourceTree = "<group>"; };
		0A8C51FA20A3A27D00C67B19 /* Action.cpp */ = {isa = PBXFileReference; lastKnownFileType = sourcecode.cpp.cpp; path = Action.cpp; sourceTree = "<group>"; };
		0A8C51FB20A3A27D00C67B19 /* Action.hpp */ = {isa = PBXFileReference; lastKnownFileType = sourcecode.cpp.h; path = Action.hpp; sourceTree = "<group>"; };
		0A8C51FE20A3CD1A00C67B19 /* ConsoleInterface.cpp */ = {isa = PBXFileReference; lastKnownFileType = sourcecode.cpp.cpp; path = ConsoleInterface.cpp; sourceTree = "<group>"; };
		0A8C51FF20A3CD1A00C67B19 /* ConsoleInterface.hpp */ = {isa = PBXFileReference; lastKnownFileType = sourcecode.cpp.h; path = ConsoleInterface.hpp; sourceTree = "<group>"; };
		0A8C520220A4D4E300C67B19 /* Status.cpp */ = {isa = PBXFileReference; lastKnownFileType = sourcecode.cpp.cpp; path = Status.cpp; sourceTree = "<group>"; };
		0A8C520320A4D4E300C67B19 /* Status.hpp */ = {isa = PBXFileReference; lastKnownFileType = sourcecode.cpp.h; path = Status.hpp; sourceTree = "<group>"; };
/* End PBXFileReference section */

/* Begin PBXFrameworksBuildPhase section */
		0A3CF37C209690F40064602C /* Frameworks */ = {
			isa = PBXFrameworksBuildPhase;
			buildActionMask = 2147483647;
			files = (
			);
			runOnlyForDeploymentPostprocessing = 0;
		};
		0A8C51E0209F9D3800C67B19 /* Frameworks */ = {
			isa = PBXFrameworksBuildPhase;
			buildActionMask = 2147483647;
			files = (
			);
			runOnlyForDeploymentPostprocessing = 0;
		};
/* End PBXFrameworksBuildPhase section */

/* Begin PBXGroup section */
		0A3CF376209690F40064602C = {
			isa = PBXGroup;
			children = (
				0A3CF381209690F40064602C /* Core-beta */,
				0A8C51E4209F9D3800C67B19 /* Core-beta-test */,
				0A3CF380209690F40064602C /* Products */,
			);
			sourceTree = "<group>";
		};
		0A3CF380209690F40064602C /* Products */ = {
			isa = PBXGroup;
			children = (
				0A3CF37F209690F40064602C /* Core-beta */,
				0A8C51E3209F9D3800C67B19 /* Core-beta-test */,
			);
			name = Products;
			sourceTree = "<group>";
		};
		0A3CF381209690F40064602C /* Core-beta */ = {
			isa = PBXGroup;
			children = (
				0A9A2E70217BDDEE006D0589 /* Card */,
				0A3CF389209694370064602C /* Core.cpp */,
				0A3CF38A209694370064602C /* Core.hpp */,
				0A9A2E74217BEC32006D0589 /* Interface */,
				0A3CF382209690F40064602C /* main.cpp */,
				0A3CF38F2096985C0064602C /* Player.cpp */,
				0A3CF3902096985C0064602C /* Player.hpp */,
				0A8C520220A4D4E300C67B19 /* Status.cpp */,
				0A8C520320A4D4E300C67B19 /* Status.hpp */,
				0A8C51ED209FA6EC00C67B19 /* Stringable.hpp */,
				0A8C51F2209FD89300C67B19 /* utility.cpp */,
				0A8C51F3209FD89300C67B19 /* utility.hpp */,
			);
			path = "Core-beta";
			sourceTree = "<group>";
		};
		0A8C51E4209F9D3800C67B19 /* Core-beta-test */ = {
			isa = PBXGroup;
			children = (
				0A8C51E5209F9D3800C67B19 /* main.cpp */,
			);
			path = "Core-beta-test";
			sourceTree = "<group>";
		};
		0A9A2E70217BDDEE006D0589 /* Card */ = {
			isa = PBXGroup;
			children = (
				0A3CF38C209694430064602C /* Card.cpp */,
				0A3CF38D209694430064602C /* Card.hpp */,
				0A8C51EE209FB09400C67B19 /* CardFactory.cpp */,
				0A8C51EF209FB09400C67B19 /* CardFactory.hpp */,
			);
			path = Card;
			sourceTree = "<group>";
		};
		0A9A2E74217BEC32006D0589 /* Interface */ = {
			isa = PBXGroup;
			children = (
				0A8C51FA20A3A27D00C67B19 /* Action.cpp */,
				0A8C51FB20A3A27D00C67B19 /* Action.hpp */,
				0A8C51FE20A3CD1A00C67B19 /* ConsoleInterface.cpp */,
				0A8C51FF20A3CD1A00C67B19 /* ConsoleInterface.hpp */,
				0A8C51F620A39F4E00C67B19 /* Controller.cpp */,
				0A8C51F720A39F4E00C67B19 /* Controller.hpp */,
			);
			path = Interface;
			sourceTree = "<group>";
		};
/* End PBXGroup section */

/* Begin PBXNativeTarget section */
		0A3CF37E209690F40064602C /* Core-beta */ = {
			isa = PBXNativeTarget;
			buildConfigurationList = 0A3CF386209690F40064602C /* Build configuration list for PBXNativeTarget "Core-beta" */;
			buildPhases = (
				0A3CF37B209690F40064602C /* Sources */,
				0A3CF37C209690F40064602C /* Frameworks */,
				0A3CF37D209690F40064602C /* CopyFiles */,
			);
			buildRules = (
			);
			dependencies = (
			);
			name = "Core-beta";
			productName = "Core-beta";
			productReference = 0A3CF37F209690F40064602C /* Core-beta */;
			productType = "com.apple.product-type.tool";
		};
		0A8C51E2209F9D3800C67B19 /* Core-beta-test */ = {
			isa = PBXNativeTarget;
			buildConfigurationList = 0A8C51E7209F9D3800C67B19 /* Build configuration list for PBXNativeTarget "Core-beta-test" */;
			buildPhases = (
				0A8C51DF209F9D3800C67B19 /* Sources */,
				0A8C51E0209F9D3800C67B19 /* Frameworks */,
				0A8C51E1209F9D3800C67B19 /* CopyFiles */,
			);
			buildRules = (
			);
			dependencies = (
			);
			name = "Core-beta-test";
			productName = "Core-beta-test";
			productReference = 0A8C51E3209F9D3800C67B19 /* Core-beta-test */;
			productType = "com.apple.product-type.tool";
		};
/* End PBXNativeTarget section */

/* Begin PBXProject section */
		0A3CF377209690F40064602C /* Project object */ = {
			isa = PBXProject;
			attributes = {
				LastUpgradeCheck = 0930;
				ORGANIZATIONNAME = "Must Studio";
				TargetAttributes = {
					0A3CF37E209690F40064602C = {
						CreatedOnToolsVersion = 9.3;
					};
					0A8C51E2209F9D3800C67B19 = {
						CreatedOnToolsVersion = 9.3;
					};
				};
			};
			buildConfigurationList = 0A3CF37A209690F40064602C /* Build configuration list for PBXProject "Core-beta" */;
			compatibilityVersion = "Xcode 9.3";
			developmentRegion = en;
			hasScannedForEncodings = 0;
			knownRegions = (
				en,
			);
			mainGroup = 0A3CF376209690F40064602C;
			productRefGroup = 0A3CF380209690F40064602C /* Products */;
			projectDirPath = "";
			projectRoot = "";
			targets = (
				0A3CF37E209690F40064602C /* Core-beta */,
				0A8C51E2209F9D3800C67B19 /* Core-beta-test */,
			);
		};
/* End PBXProject section */

/* Begin PBXSourcesBuildPhase section */
		0A3CF37B209690F40064602C /* Sources */ = {
			isa = PBXSourcesBuildPhase;
			buildActionMask = 2147483647;
			files = (
				0A8C51F4209FD89300C67B19 /* utility.cpp in Sources */,
				0A8C51FC20A3A27D00C67B19 /* Action.cpp in Sources */,
				0A9A2E71217BDED7006D0589 /* CardFactory.cpp in Sources */,
				0A3CF3912096985C0064602C /* Player.cpp in Sources */,
				0A8C520420A4D4E300C67B19 /* Status.cpp in Sources */,
				0A3CF38E209694430064602C /* Card.cpp in Sources */,
				0A3CF38B209694370064602C /* Core.cpp in Sources */,
				0A3CF383209690F40064602C /* main.cpp in Sources */,
				0A8C51F820A39F4E00C67B19 /* Controller.cpp in Sources */,
				0A8C520020A3CD1A00C67B19 /* ConsoleInterface.cpp in Sources */,
			);
			runOnlyForDeploymentPostprocessing = 0;
		};
		0A8C51DF209F9D3800C67B19 /* Sources */ = {
			isa = PBXSourcesBuildPhase;
			buildActionMask = 2147483647;
			files = (
				0A8C51F5209FD89300C67B19 /* utility.cpp in Sources */,
				0A8C51FD20A3A27D00C67B19 /* Action.cpp in Sources */,
				0A9A2E72217BDEDA006D0589 /* CardFactory.cpp in Sources */,
				0A8C51EC209FA61B00C67B19 /* Player.cpp in Sources */,
				0A8C520520A4D4E300C67B19 /* Status.cpp in Sources */,
				0A8C51EB209FA61B00C67B19 /* Card.cpp in Sources */,
				0A8C51EA209FA61B00C67B19 /* Core.cpp in Sources */,
				0A8C51F920A39F4E00C67B19 /* Controller.cpp in Sources */,
				0A9A2E73217BDF2A006D0589 /* main.cpp in Sources */,
				0A8C520120A3CD1A00C67B19 /* ConsoleInterface.cpp in Sources */,
			);
			runOnlyForDeploymentPostprocessing = 0;
		};
/* End PBXSourcesBuildPhase section */

/* Begin XCBuildConfiguration section */
		0A3CF384209690F40064602C /* Debug */ = {
			isa = XCBuildConfiguration;
			buildSettings = {
				ALWAYS_SEARCH_USER_PATHS = NO;
				CLANG_ANALYZER_NONNULL = YES;
				CLANG_ANALYZER_NUMBER_OBJECT_CONVERSION = YES_AGGRESSIVE;
				CLANG_CXX_LANGUAGE_STANDARD = "gnu++14";
				CLANG_CXX_LIBRARY = "libc++";
				CLANG_ENABLE_MODULES = YES;
				CLANG_ENABLE_OBJC_ARC = YES;
				CLANG_ENABLE_OBJC_WEAK = YES;
				CLANG_WARN_BLOCK_CAPTURE_AUTORELEASING = YES;
				CLANG_WARN_BOOL_CONVERSION = YES;
				CLANG_WARN_COMMA = YES;
				CLANG_WARN_CONSTANT_CONVERSION = YES;
				CLANG_WARN_DEPRECATED_OBJC_IMPLEMENTATIONS = YES;
				CLANG_WARN_DIRECT_OBJC_ISA_USAGE = YES_ERROR;
				CLANG_WARN_DOCUMENTATION_COMMENTS = YES;
				CLANG_WARN_EMPTY_BODY = YES;
				CLANG_WARN_ENUM_CONVERSION = YES;
				CLANG_WARN_INFINITE_RECURSION = YES;
				CLANG_WARN_INT_CONVERSION = YES;
				CLANG_WARN_NON_LITERAL_NULL_CONVERSION = YES;
				CLANG_WARN_OBJC_IMPLICIT_RETAIN_SELF = YES;
				CLANG_WARN_OBJC_LITERAL_CONVERSION = YES;
				CLANG_WARN_OBJC_ROOT_CLASS = YES_ERROR;
				CLANG_WARN_RANGE_LOOP_ANALYSIS = YES;
				CLANG_WARN_STRICT_PROTOTYPES = YES;
				CLANG_WARN_SUSPICIOUS_MOVE = YES;
				CLANG_WARN_UNGUARDED_AVAILABILITY = YES_AGGRESSIVE;
				CLANG_WARN_UNREACHABLE_CODE = YES;
				CLANG_WARN__DUPLICATE_METHOD_MATCH = YES;
				CODE_SIGN_IDENTITY = "-";
				COPY_PHASE_STRIP = NO;
				DEBUG_INFORMATION_FORMAT = dwarf;
				ENABLE_STRICT_OBJC_MSGSEND = YES;
				ENABLE_TESTABILITY = YES;
				GCC_C_LANGUAGE_STANDARD = gnu11;
				GCC_DYNAMIC_NO_PIC = NO;
				GCC_NO_COMMON_BLOCKS = YES;
				GCC_OPTIMIZATION_LEVEL = 0;
				GCC_PREPROCESSOR_DEFINITIONS = (
					"DEBUG=1",
					"$(inherited)",
				);
				GCC_WARN_64_TO_32_BIT_CONVERSION = YES;
				GCC_WARN_ABOUT_RETURN_TYPE = YES_ERROR;
				GCC_WARN_UNDECLARED_SELECTOR = YES;
				GCC_WARN_UNINITIALIZED_AUTOS = YES_AGGRESSIVE;
				GCC_WARN_UNUSED_FUNCTION = YES;
				GCC_WARN_UNUSED_VARIABLE = YES;
				MACOSX_DEPLOYMENT_TARGET = 10.13;
				MTL_ENABLE_DEBUG_INFO = YES;
				ONLY_ACTIVE_ARCH = YES;
				SDKROOT = macosx;
			};
			name = Debug;
		};
		0A3CF385209690F40064602C /* Release */ = {
			isa = XCBuildConfiguration;
			buildSettings = {
				ALWAYS_SEARCH_USER_PATHS = NO;
				CLANG_ANALYZER_NONNULL = YES;
				CLANG_ANALYZER_NUMBER_OBJECT_CONVERSION = YES_AGGRESSIVE;
				CLANG_CXX_LANGUAGE_STANDARD = "gnu++14";
				CLANG_CXX_LIBRARY = "libc++";
				CLANG_ENABLE_MODULES = YES;
				CLANG_ENABLE_OBJC_ARC = YES;
				CLANG_ENABLE_OBJC_WEAK = YES;
				CLANG_WARN_BLOCK_CAPTURE_AUTORELEASING = YES;
				CLANG_WARN_BOOL_CONVERSION = YES;
				CLANG_WARN_COMMA = YES;
				CLANG_WARN_CONSTANT_CONVERSION = YES;
				CLANG_WARN_DEPRECATED_OBJC_IMPLEMENTATIONS = YES;
				CLANG_WARN_DIRECT_OBJC_ISA_USAGE = YES_ERROR;
				CLANG_WARN_DOCUMENTATION_COMMENTS = YES;
				CLANG_WARN_EMPTY_BODY = YES;
				CLANG_WARN_ENUM_CONVERSION = YES;
				CLANG_WARN_INFINITE_RECURSION = YES;
				CLANG_WARN_INT_CONVERSION = YES;
				CLANG_WARN_NON_LITERAL_NULL_CONVERSION = YES;
				CLANG_WARN_OBJC_IMPLICIT_RETAIN_SELF = YES;
				CLANG_WARN_OBJC_LITERAL_CONVERSION = YES;
				CLANG_WARN_OBJC_ROOT_CLASS = YES_ERROR;
				CLANG_WARN_RANGE_LOOP_ANALYSIS = YES;
				CLANG_WARN_STRICT_PROTOTYPES = YES;
				CLANG_WARN_SUSPICIOUS_MOVE = YES;
				CLANG_WARN_UNGUARDED_AVAILABILITY = YES_AGGRESSIVE;
				CLANG_WARN_UNREACHABLE_CODE = YES;
				CLANG_WARN__DUPLICATE_METHOD_MATCH = YES;
				CODE_SIGN_IDENTITY = "-";
				COPY_PHASE_STRIP = NO;
				DEBUG_INFORMATION_FORMAT = "dwarf-with-dsym";
				ENABLE_NS_ASSERTIONS = NO;
				ENABLE_STRICT_OBJC_MSGSEND = YES;
				GCC_C_LANGUAGE_STANDARD = gnu11;
				GCC_NO_COMMON_BLOCKS = YES;
				GCC_WARN_64_TO_32_BIT_CONVERSION = YES;
				GCC_WARN_ABOUT_RETURN_TYPE = YES_ERROR;
				GCC_WARN_UNDECLARED_SELECTOR = YES;
				GCC_WARN_UNINITIALIZED_AUTOS = YES_AGGRESSIVE;
				GCC_WARN_UNUSED_FUNCTION = YES;
				GCC_WARN_UNUSED_VARIABLE = YES;
				MACOSX_DEPLOYMENT_TARGET = 10.13;
				MTL_ENABLE_DEBUG_INFO = NO;
				SDKROOT = macosx;
			};
			name = Release;
		};
		0A3CF387209690F40064602C /* Debug */ = {
			isa = XCBuildConfiguration;
			buildSettings = {
				CODE_SIGN_STYLE = Automatic;
				PRODUCT_NAME = "$(TARGET_NAME)";
			};
			name = Debug;
		};
		0A3CF388209690F40064602C /* Release */ = {
			isa = XCBuildConfiguration;
			buildSettings = {
				CODE_SIGN_STYLE = Automatic;
				PRODUCT_NAME = "$(TARGET_NAME)";
			};
			name = Release;
		};
		0A8C51E8209F9D3800C67B19 /* Debug */ = {
			isa = XCBuildConfiguration;
			buildSettings = {
				CODE_SIGN_STYLE = Automatic;
				PRODUCT_NAME = "$(TARGET_NAME)";
			};
			name = Debug;
		};
		0A8C51E9209F9D3800C67B19 /* Release */ = {
			isa = XCBuildConfiguration;
			buildSettings = {
				CODE_SIGN_STYLE = Automatic;
				PRODUCT_NAME = "$(TARGET_NAME)";
			};
			name = Release;
		};
/* End XCBuildConfiguration section */

/* Begin XCConfigurationList section */
		0A3CF37A209690F40064602C /* Build configuration list for PBXProject "Core-beta" */ = {
			isa = XCConfigurationList;
			buildConfigurations = (
				0A3CF384209690F40064602C /* Debug */,
				0A3CF385209690F40064602C /* Release */,
			);
			defaultConfigurationIsVisible = 0;
			defaultConfigurationName = Release;
		};
		0A3CF386209690F40064602C /* Build configuration list for PBXNativeTarget "Core-beta" */ = {
			isa = XCConfigurationList;
			buildConfigurations = (
				0A3CF387209690F40064602C /* Debug */,
				0A3CF388209690F40064602C /* Release */,
			);
			defaultConfigurationIsVisible = 0;
			defaultConfigurationName = Release;
		};
		0A8C51E7209F9D3800C67B19 /* Build configuration list for PBXNativeTarget "Core-beta-test" */ = {
			isa = XCConfigurationList;
			buildConfigurations = (
				0A8C51E8209F9D3800C67B19 /* Debug */,
				0A8C51E9209F9D3800C67B19 /* Release */,
			);
			defaultConfigurationIsVisible = 0;
			defaultConfigurationName = Release;
		};
/* End XCConfigurationList section */
	};
	rootObject = 0A3CF377209690F40064602C /* Project object */;
}
